
Microsoft Visual Studio Solution File, Format Version 12.00
# Visual Studio 15
VisualStudioVersion = 15.0.26124.0
MinimumVisualStudioVersion = 15.0.26124.0
Project("{FAE04EC0-301F-11D3-BF4B-00C04F79EFBC}") = "DsAlgo", "DsAlgo\DsAlgo.csproj", "{074DF4F5-1C95-434E-8F44-A8E7564BCC0A}"
EndProject
Project("{FAE04EC0-301F-11D3-BF4B-00C04F79EFBC}") = "DsAlgo.Tests", "DsAlgo.Tests\DsAlgo.Tests.csproj", "{28F1BD1C-27F4-4A22-AFFA-0B0B0E28F701}"
EndProject
Global
	GlobalSection(SolutionConfigurationPlatforms) = preSolution
		Debug|Any CPU = Debug|Any CPU
		Debug|x64 = Debug|x64
		Debug|x86 = Debug|x86
		Release|Any CPU = Release|Any CPU
		Release|x64 = Release|x64
		Release|x86 = Release|x86
	EndGlobalSection
	GlobalSection(SolutionProperties) = preSolution
		HideSolutionNode = FALSE
	EndGlobalSection
	GlobalSection(ProjectConfigurationPlatforms) = postSolution
		{074DF4F5-1C95-434E-8F44-A8E7564BCC0A}.Debug|Any CPU.ActiveCfg = Debug|Any CPU
		{074DF4F5-1C95-434E-8F44-A8E7564BCC0A}.Debug|Any CPU.Build.0 = Debug|Any CPU
		{074DF4F5-1C95-434E-8F44-A8E7564BCC0A}.Debug|x64.ActiveCfg = Debug|Any CPU
		{074DF4F5-1C95-434E-8F44-A8E7564BCC0A}.Debug|x64.Build.0 = Debug|Any CPU
		{074DF4F5-1C95-434E-8F44-A8E7564BCC0A}.Debug|x86.ActiveCfg = Debug|Any CPU
		{074DF4F5-1C95-434E-8F44-A8E7564BCC0A}.Debug|x86.Build.0 = Debug|Any CPU
		{074DF4F5-1C95-434E-8F44-A8E7564BCC0A}.Release|Any CPU.ActiveCfg = Release|Any CPU
		{074DF4F5-1C95-434E-8F44-A8E7564BCC0A}.Release|Any CPU.Build.0 = Release|Any CPU
		{074DF4F5-1C95-434E-8F44-A8E7564BCC0A}.Release|x64.ActiveCfg = Release|Any CPU
		{074DF4F5-1C95-434E-8F44-A8E7564BCC0A}.Release|x64.Build.0 = Release|Any CPU
		{074DF4F5-1C95-434E-8F44-A8E7564BCC0A}.Release|x86.ActiveCfg = Release|Any CPU
		{074DF4F5-1C95-434E-8F44-A8E7564BCC0A}.Release|x86.Build.0 = Release|Any CPU
		{28F1BD1C-27F4-4A22-AFFA-0B0B0E28F701}.Debug|Any CPU.ActiveCfg = Debug|Any CPU
		{28F1BD1C-27F4-4A22-AFFA-0B0B0E28F701}.Debug|Any CPU.Build.0 = Debug|Any CPU
		{28F1BD1C-27F4-4A22-AFFA-0B0B0E28F701}.Debug|x64.ActiveCfg = Debug|Any CPU
		{28F1BD1C-27F4-4A22-AFFA-0B0B0E28F701}.Debug|x64.Build.0 = Debug|Any CPU
		{28F1BD1C-27F4-4A22-AFFA-0B0B0E28F701}.Debug|x86.ActiveCfg = Debug|Any CPU
		{28F1BD1C-27F4-4A22-AFFA-0B0B0E28F701}.Debug|x86.Build.0 = Debug|Any CPU
		{28F1BD1C-27F4-4A22-AFFA-0B0B0E28F701}.Release|Any CPU.ActiveCfg = Release|Any CPU
		{28F1BD1C-27F4-4A22-AFFA-0B0B0E28F701}.Release|Any CPU.Build.0 = Release|Any CPU
		{28F1BD1C-27F4-4A22-AFFA-0B0B0E28F701}.Release|x64.ActiveCfg = Release|Any CPU
		{28F1BD1C-27F4-4A22-AFFA-0B0B0E28F701}.Release|x64.Build.0 = Release|Any CPU
		{28F1BD1C-27F4-4A22-AFFA-0B0B0E28F701}.Release|x86.ActiveCfg = Release|Any CPU
		{28F1BD1C-27F4-4A22-AFFA-0B0B0E28F701}.Release|x86.Build.0 = Release|Any CPU
	EndGlobalSection
EndGlobal
